
Microsoft Visual Studio Solution File, Format Version 12.00
# Visual Studio Version 17
VisualStudioVersion = 17.3.32819.101
MinimumVisualStudioVersion = 10.0.40219.1
Project("{888888A0-9F3D-457C-B088-3A5042F75D52}") = "Funktioner, uppgift 1", "Funktioner, uppgift 1\Funktioner, uppgift 1.pyproj", "{F1CCF3CC-CC75-49D0-B6B5-AE4C6DCBF0A3}"
EndProject
Global
	GlobalSection(SolutionConfigurationPlatforms) = preSolution
		Debug|Any CPU = Debug|Any CPU
		Release|Any CPU = Release|Any CPU
	EndGlobalSection
	GlobalSection(ProjectConfigurationPlatforms) = postSolution
		{F1CCF3CC-CC75-49D0-B6B5-AE4C6DCBF0A3}.Debug|Any CPU.ActiveCfg = Debug|Any CPU
		{F1CCF3CC-CC75-49D0-B6B5-AE4C6DCBF0A3}.Release|Any CPU.ActiveCfg = Release|Any CPU
	EndGlobalSection
	GlobalSection(SolutionProperties) = preSolution
		HideSolutionNode = FALSE
	EndGlobalSection
	GlobalSection(ExtensibilityGlobals) = postSolution
		SolutionGuid = {67AC25A2-9671-4135-8B57-8E64B924A99C}
	EndGlobalSection
EndGlobal
